
Microsoft Visual Studio Solution File, Format Version 12.00
# Visual Studio 15
VisualStudioVersion = 15.0.28010.2036
MinimumVisualStudioVersion = 10.0.40219.1
Project("{FAE04EC0-301F-11D3-BF4B-00C04F79EFBC}") = "ImageEdgeDetection", "ImageEdgeDetection\ImageEdgeDetection.csproj", "{7DBEE0D3-2DBD-4E8A-BA07-BDB1C95EB366}"
EndProject
Project("{FAE04EC0-301F-11D3-BF4B-00C04F79EFBC}") = "EDUnitTest", "EDUnitTest\EDUnitTest.csproj", "{35D98BF4-AD5C-4E5A-B947-40D61FC4A73D}"
EndProject
Global
	GlobalSection(SolutionConfigurationPlatforms) = preSolution
		Debug|Any CPU = Debug|Any CPU
		Debug|x86 = Debug|x86
		Release|Any CPU = Release|Any CPU
		Release|x86 = Release|x86
	EndGlobalSection
	GlobalSection(ProjectConfigurationPlatforms) = postSolution
		{7DBEE0D3-2DBD-4E8A-BA07-BDB1C95EB366}.Debug|Any CPU.ActiveCfg = Debug|x86
		{7DBEE0D3-2DBD-4E8A-BA07-BDB1C95EB366}.Debug|x86.ActiveCfg = Debug|x86
		{7DBEE0D3-2DBD-4E8A-BA07-BDB1C95EB366}.Debug|x86.Build.0 = Debug|x86
		{7DBEE0D3-2DBD-4E8A-BA07-BDB1C95EB366}.Release|Any CPU.ActiveCfg = Release|x86
		{7DBEE0D3-2DBD-4E8A-BA07-BDB1C95EB366}.Release|x86.ActiveCfg = Release|x86
		{7DBEE0D3-2DBD-4E8A-BA07-BDB1C95EB366}.Release|x86.Build.0 = Release|x86
		{35D98BF4-AD5C-4E5A-B947-40D61FC4A73D}.Debug|Any CPU.ActiveCfg = Debug|Any CPU
		{35D98BF4-AD5C-4E5A-B947-40D61FC4A73D}.Debug|Any CPU.Build.0 = Debug|Any CPU
		{35D98BF4-AD5C-4E5A-B947-40D61FC4A73D}.Debug|x86.ActiveCfg = Debug|Any CPU
		{35D98BF4-AD5C-4E5A-B947-40D61FC4A73D}.Debug|x86.Build.0 = Debug|Any CPU
		{35D98BF4-AD5C-4E5A-B947-40D61FC4A73D}.Release|Any CPU.ActiveCfg = Release|Any CPU
		{35D98BF4-AD5C-4E5A-B947-40D61FC4A73D}.Release|Any CPU.Build.0 = Release|Any CPU
		{35D98BF4-AD5C-4E5A-B947-40D61FC4A73D}.Release|x86.ActiveCfg = Release|Any CPU
		{35D98BF4-AD5C-4E5A-B947-40D61FC4A73D}.Release|x86.Build.0 = Release|Any CPU
	EndGlobalSection
	GlobalSection(SolutionProperties) = preSolution
		HideSolutionNode = FALSE
	EndGlobalSection
	GlobalSection(ExtensibilityGlobals) = postSolution
		SolutionGuid = {C0AEAB66-DDA6-4C22-ACFF-A0AE464A46A3}
	EndGlobalSection
EndGlobal
